// !$*UTF8*$!
{
	archiveVersion = 1;
	classes = {
	};
	objectVersion = 46;
	objects = {

/* Begin PBXBuildFile section */
		271D26E71A3A7112001EDD8D /* AppDelegate.swift in Sources */ = {isa = PBXBuildFile; fileRef = 271D26E61A3A7112001EDD8D /* AppDelegate.swift */; };
		271D26E91A3A7112001EDD8D /* ViewController.swift in Sources */ = {isa = PBXBuildFile; fileRef = 271D26E81A3A7112001EDD8D /* ViewController.swift */; };
		271D26EC1A3A7112001EDD8D /* Main.storyboard in Resources */ = {isa = PBXBuildFile; fileRef = 271D26EA1A3A7112001EDD8D /* Main.storyboard */; };
		271D26EE1A3A7112001EDD8D /* Images.xcassets in Resources */ = {isa = PBXBuildFile; fileRef = 271D26ED1A3A7112001EDD8D /* Images.xcassets */; };
		271D26F11A3A7112001EDD8D /* LaunchScreen.xib in Resources */ = {isa = PBXBuildFile; fileRef = 271D26EF1A3A7112001EDD8D /* LaunchScreen.xib */; };
		271D26FD1A3A7112001EDD8D /* CustomPickerTests.swift in Sources */ = {isa = PBXBuildFile; fileRef = 271D26FC1A3A7112001EDD8D /* CustomPickerTests.swift */; };
		278EFB6C1A3A72EF004AA5E0 /* AnimalChooserViewController.swift in Sources */ = {isa = PBXBuildFile; fileRef = 278EFB6B1A3A72EF004AA5E0 /* AnimalChooserViewController.swift */; };
/* End PBXBuildFile section */

/* Begin PBXContainerItemProxy section */
		271D26F71A3A7112001EDD8D /* PBXContainerItemProxy */ = {
			isa = PBXContainerItemProxy;
			containerPortal = 271D26D91A3A7112001EDD8D /* Project object */;
			proxyType = 1;
			remoteGlobalIDString = 271D26E01A3A7112001EDD8D;
			remoteInfo = CustomPicker;
		};
/* End PBXContainerItemProxy section */

/* Begin PBXFileReference section */
		271D26E11A3A7112001EDD8D /* CustomPicker.app */ = {isa = PBXFileReference; explicitFileType = wrapper.application; includeInIndex = 0; path = CustomPicker.app; sourceTree = BUILT_PRODUCTS_DIR; };
		271D26E51A3A7112001EDD8D /* Info.plist */ = {isa = PBXFileReference; lastKnownFileType = text.plist.xml; path = Info.plist; sourceTree = "<group>"; };
		271D26E61A3A7112001EDD8D /* AppDelegate.swift */ = {isa = PBXFileReference; lastKnownFileType = sourcecode.swift; path = AppDelegate.swift; sourceTree = "<group>"; };
		271D26E81A3A7112001EDD8D /* ViewController.swift */ = {isa = PBXFileReference; lastKnownFileType = sourcecode.swift; path = ViewController.swift; sourceTree = "<group>"; };
		271D26EB1A3A7112001EDD8D /* Base */ = {isa = PBXFileReference; lastKnownFileType = file.storyboard; name = Base; path = Base.lproj/Main.storyboard; sourceTree = "<group>"; };
		271D26ED1A3A7112001EDD8D /* Images.xcassets */ = {isa = PBXFileReference; lastKnownFileType = folder.assetcatalog; path = Images.xcassets; sourceTree = "<group>"; };
		271D26F01A3A7112001EDD8D /* Base */ = {isa = PBXFileReference; lastKnownFileType = file.xib; name = Base; path = Base.lproj/LaunchScreen.xib; sourceTree = "<group>"; };
		271D26F61A3A7112001EDD8D /* CustomPickerTests.xctest */ = {isa = PBXFileReference; explicitFileType = wrapper.cfbundle; includeInIndex = 0; path = CustomPickerTests.xctest; sourceTree = BUILT_PRODUCTS_DIR; };
		271D26FB1A3A7112001EDD8D /* Info.plist */ = {isa = PBXFileReference; lastKnownFileType = text.plist.xml; path = Info.plist; sourceTree = "<group>"; };
		271D26FC1A3A7112001EDD8D /* CustomPickerTests.swift */ = {isa = PBXFileReference; lastKnownFileType = sourcecode.swift; path = CustomPickerTests.swift; sourceTree = "<group>"; };
		278EFB6B1A3A72EF004AA5E0 /* AnimalChooserViewController.swift */ = {isa = PBXFileReference; fileEncoding = 4; lastKnownFileType = sourcecode.swift; path = AnimalChooserViewController.swift; sourceTree = "<group>"; };
/* End PBXFileReference section */

/* Begin PBXFrameworksBuildPhase section */
		271D26DE1A3A7112001EDD8D /* Frameworks */ = {
			isa = PBXFrameworksBuildPhase;
			buildActionMask = 2147483647;
			files = (
			);
			runOnlyForDeploymentPostprocessing = 0;
		};
		271D26F31A3A7112001EDD8D /* Frameworks */ = {
			isa = PBXFrameworksBuildPhase;
			buildActionMask = 2147483647;
			files = (
			);
			runOnlyForDeploymentPostprocessing = 0;
		};
/* End PBXFrameworksBuildPhase section */

/* Begin PBXGroup section */
		271D26D81A3A7112001EDD8D = {
			isa = PBXGroup;
			children = (
				271D26E31A3A7112001EDD8D /* CustomPicker */,
				271D26F91A3A7112001EDD8D /* CustomPickerTests */,
				271D26E21A3A7112001EDD8D /* Products */,
			);
			sourceTree = "<group>";
		};
		271D26E21A3A7112001EDD8D /* Products */ = {
			isa = PBXGroup;
			children = (
				271D26E11A3A7112001EDD8D /* CustomPicker.app */,
				271D26F61A3A7112001EDD8D /* CustomPickerTests.xctest */,
			);
			name = Products;
			sourceTree = "<group>";
		};
		271D26E31A3A7112001EDD8D /* CustomPicker */ = {
			isa = PBXGroup;
			children = (
				271D26E61A3A7112001EDD8D /* AppDelegate.swift */,
				271D26E81A3A7112001EDD8D /* ViewController.swift */,
				278EFB6B1A3A72EF004AA5E0 /* AnimalChooserViewController.swift */,
				271D26EA1A3A7112001EDD8D /* Main.storyboard */,
				271D26ED1A3A7112001EDD8D /* Images.xcassets */,
				271D26EF1A3A7112001EDD8D /* LaunchScreen.xib */,
				271D26E41A3A7112001EDD8D /* Supporting Files */,
			);
			path = CustomPicker;
			sourceTree = "<group>";
		};
		271D26E41A3A7112001EDD8D /* Supporting Files */ = {
			isa = PBXGroup;
			children = (
				271D26E51A3A7112001EDD8D /* Info.plist */,
			);
			name = "Supporting Files";
			sourceTree = "<group>";
		};
		271D26F91A3A7112001EDD8D /* CustomPickerTests */ = {
			isa = PBXGroup;
			children = (
				271D26FC1A3A7112001EDD8D /* CustomPickerTests.swift */,
				271D26FA1A3A7112001EDD8D /* Supporting Files */,
			);
			path = CustomPickerTests;
			sourceTree = "<group>";
		};
		271D26FA1A3A7112001EDD8D /* Supporting Files */ = {
			isa = PBXGroup;
			children = (
				271D26FB1A3A7112001EDD8D /* Info.plist */,
			);
			name = "Supporting Files";
			sourceTree = "<group>";
		};
/* End PBXGroup section */

/* Begin PBXNativeTarget section */
		271D26E01A3A7112001EDD8D /* CustomPicker */ = {
			isa = PBXNativeTarget;
			buildConfigurationList = 271D27001A3A7112001EDD8D /* Build configuration list for PBXNativeTarget "CustomPicker" */;
			buildPhases = (
				271D26DD1A3A7112001EDD8D /* Sources */,
				271D26DE1A3A7112001EDD8D /* Frameworks */,
				271D26DF1A3A7112001EDD8D /* Resources */,
			);
			buildRules = (
			);
			dependencies = (
			);
			name = CustomPicker;
			productName = CustomPicker;
			productReference = 271D26E11A3A7112001EDD8D /* CustomPicker.app */;
			productType = "com.apple.product-type.application";
		};
		271D26F51A3A7112001EDD8D /* CustomPickerTests */ = {
			isa = PBXNativeTarget;
			buildConfigurationList = 271D27031A3A7112001EDD8D /* Build configuration list for PBXNativeTarget "CustomPickerTests" */;
			buildPhases = (
				271D26F21A3A7112001EDD8D /* Sources */,
				271D26F31A3A7112001EDD8D /* Frameworks */,
				271D26F41A3A7112001EDD8D /* Resources */,
			);
			buildRules = (
			);
			dependencies = (
				271D26F81A3A7112001EDD8D /* PBXTargetDependency */,
			);
			name = CustomPickerTests;
			productName = CustomPickerTests;
			productReference = 271D26F61A3A7112001EDD8D /* CustomPickerTests.xctest */;
			productType = "com.apple.product-type.bundle.unit-test";
		};
/* End PBXNativeTarget section */

/* Begin PBXProject section */
		271D26D91A3A7112001EDD8D /* Project object */ = {
			isa = PBXProject;
			attributes = {
				LastUpgradeCheck = 0610;
				ORGANIZATIONNAME = "John E. Ray";
				TargetAttributes = {
					271D26E01A3A7112001EDD8D = {
						CreatedOnToolsVersion = 6.1.1;
					};
					271D26F51A3A7112001EDD8D = {
						CreatedOnToolsVersion = 6.1.1;
						TestTargetID = 271D26E01A3A7112001EDD8D;
					};
				};
			};
			buildConfigurationList = 271D26DC1A3A7112001EDD8D /* Build configuration list for PBXProject "CustomPicker" */;
			compatibilityVersion = "Xcode 3.2";
			developmentRegion = English;
			hasScannedForEncodings = 0;
			knownRegions = (
				en,
				Base,
			);
			mainGroup = 271D26D81A3A7112001EDD8D;
			productRefGroup = 271D26E21A3A7112001EDD8D /* Products */;
			projectDirPath = "";
			projectRoot = "";
			targets = (
				271D26E01A3A7112001EDD8D /* CustomPicker */,
				271D26F51A3A7112001EDD8D /* CustomPickerTests */,
			);
		};
/* End PBXProject section */

/* Begin PBXResourcesBuildPhase section */
		271D26DF1A3A7112001EDD8D /* Resources */ = {
			isa = PBXResourcesBuildPhase;
			buildActionMask = 2147483647;
			files = (
				271D26EC1A3A7112001EDD8D /* Main.storyboard in Resources */,
				271D26F11A3A7112001EDD8D /* LaunchScreen.xib in Resources */,
				271D26EE1A3A7112001EDD8D /* Images.xcassets in Resources */,
			);
			runOnlyForDeploymentPostprocessing = 0;
		};
		271D26F41A3A7112001EDD8D /* Resources */ = {
			isa = PBXResourcesBuildPhase;
			buildActionMask = 2147483647;
			files = (
			);
			runOnlyForDeploymentPostprocessing = 0;
		};
/* End PBXResourcesBuildPhase section */

/* Begin PBXSourcesBuildPhase section */
		271D26DD1A3A7112001EDD8D /* Sources */ = {
			isa = PBXSourcesBuildPhase;
			buildActionMask = 2147483647;
			files = (
				278EFB6C1A3A72EF004AA5E0 /* AnimalChooserViewController.swift in Sources */,
				271D26E91A3A7112001EDD8D /* ViewController.swift in Sources */,
				271D26E71A3A7112001EDD8D /* AppDelegate.swift in Sources */,
			);
			runOnlyForDeploymentPostprocessing = 0;
		};
		271D26F21A3A7112001EDD8D /* Sources */ = {
			isa = PBXSourcesBuildPhase;
			buildActionMask = 2147483647;
			files = (
				271D26FD1A3A7112001EDD8D /* CustomPickerTests.swift in Sources */,
			);
			runOnlyForDeploymentPostprocessing = 0;
		};
/* End PBXSourcesBuildPhase section */

/* Begin PBXTargetDependency section */
		271D26F81A3A7112001EDD8D /* PBXTargetDependency */ = {
			isa = PBXTargetDependency;
			target = 271D26E01A3A7112001EDD8D /* CustomPicker */;
			targetProxy = 271D26F71A3A7112001EDD8D /* PBXContainerItemProxy */;
		};
/* End PBXTargetDependency section */

/* Begin PBXVariantGroup section */
		271D26EA1A3A7112001EDD8D /* Main.storyboard */ = {
			isa = PBXVariantGroup;
			children = (
				271D26EB1A3A7112001EDD8D /* Base */,
			);
			name = Main.storyboard;
			sourceTree = "<group>";
		};
		271D26EF1A3A7112001EDD8D /* LaunchScreen.xib */ = {
			isa = PBXVariantGroup;
			children = (
				271D26F01A3A7112001EDD8D /* Base */,
			);
			name = LaunchScreen.xib;
			sourceTree = "<group>";
		};
/* End PBXVariantGroup section */

/* Begin XCBuildConfiguration section */
		271D26FE1A3A7112001EDD8D /* Debug */ = {
			isa = XCBuildConfiguration;
			buildSettings = {
				ALWAYS_SEARCH_USER_PATHS = NO;
				CLANG_CXX_LANGUAGE_STANDARD = "gnu++0x";
				CLANG_CXX_LIBRARY = "libc++";
				CLANG_ENABLE_MODULES = YES;
				CLANG_ENABLE_OBJC_ARC = YES;
				CLANG_WARN_BOOL_CONVERSION = YES;
				CLANG_WARN_CONSTANT_CONVERSION = YES;
				CLANG_WARN_DIRECT_OBJC_ISA_USAGE = YES_ERROR;
				CLANG_WARN_EMPTY_BODY = YES;
				CLANG_WARN_ENUM_CONVERSION = YES;
				CLANG_WARN_INT_CONVERSION = YES;
				CLANG_WARN_OBJC_ROOT_CLASS = YES_ERROR;
				CLANG_WARN_UNREACHABLE_CODE = YES;
				CLANG_WARN__DUPLICATE_METHOD_MATCH = YES;
				"CODE_SIGN_IDENTITY[sdk=iphoneos*]" = "iPhone Developer";
				COPY_PHASE_STRIP = NO;
				ENABLE_STRICT_OBJC_MSGSEND = YES;
				GCC_C_LANGUAGE_STANDARD = gnu99;
				GCC_DYNAMIC_NO_PIC = NO;
				GCC_OPTIMIZATION_LEVEL = 0;
				GCC_PREPROCESSOR_DEFINITIONS = (
					"DEBUG=1",
					"$(inherited)",
				);
				GCC_SYMBOLS_PRIVATE_EXTERN = NO;
				GCC_WARN_64_TO_32_BIT_CONVERSION = YES;
				GCC_WARN_ABOUT_RETURN_TYPE = YES_ERROR;
				GCC_WARN_UNDECLARED_SELECTOR = YES;
				GCC_WARN_UNINITIALIZED_AUTOS = YES_AGGRESSIVE;
				GCC_WARN_UNUSED_FUNCTION = YES;
				GCC_WARN_UNUSED_VARIABLE = YES;
				IPHONEOS_DEPLOYMENT_TARGET = 8.1;
				MTL_ENABLE_DEBUG_INFO = YES;
				ONLY_ACTIVE_ARCH = YES;
				SDKROOT = iphoneos;
				SWIFT_OPTIMIZATION_LEVEL = "-Onone";
			};
			name = Debug;
		};
		271D26FF1A3A7112001EDD8D /* Release */ = {
			isa = XCBuildConfiguration;
			buildSettings = {
				ALWAYS_SEARCH_USER_PATHS = NO;
				CLANG_CXX_LANGUAGE_STANDARD = "gnu++0x";
				CLANG_CXX_LIBRARY = "libc++";
				CLANG_ENABLE_MODULES = YES;
				CLANG_ENABLE_OBJC_ARC = YES;
				CLANG_WARN_BOOL_CONVERSION = YES;
				CLANG_WARN_CONSTANT_CONVERSION = YES;
				CLANG_WARN_DIRECT_OBJC_ISA_USAGE = YES_ERROR;
				CLANG_WARN_EMPTY_BODY = YES;
				CLANG_WARN_ENUM_CONVERSION = YES;
				CLANG_WARN_INT_CONVERSION = YES;
				CLANG_WARN_OBJC_ROOT_CLASS = YES_ERROR;
				CLANG_WARN_UNREACHABLE_CODE = YES;
				CLANG_WARN__DUPLICATE_METHOD_MATCH = YES;
				"CODE_SIGN_IDENTITY[sdk=iphoneos*]" = "iPhone Developer";
				COPY_PHASE_STRIP = YES;
				ENABLE_NS_ASSERTIONS = NO;
				ENABLE_STRICT_OBJC_MSGSEND = YES;
				GCC_C_LANGUAGE_STANDARD = gnu99;
				GCC_WARN_64_TO_32_BIT_CONVERSION = YES;
				GCC_WARN_ABOUT_RETURN_TYPE = YES_ERROR;
				GCC_WARN_UNDECLARED_SELECTOR = YES;
				GCC_WARN_UNINITIALIZED_AUTOS = YES_AGGRESSIVE;
				GCC_WARN_UNUSED_FUNCTION = YES;
				GCC_WARN_UNUSED_VARIABLE = YES;
				IPHONEOS_DEPLOYMENT_TARGET = 8.1;
				MTL_ENABLE_DEBUG_INFO = NO;
				SDKROOT = iphoneos;
				VALIDATE_PRODUCT = YES;
			};
			name = Release;
		};
		271D27011A3A7112001EDD8D /* Debug */ = {
			isa = XCBuildConfiguration;
			buildSettings = {
				ASSETCATALOG_COMPILER_APPICON_NAME = AppIcon;
				INFOPLIST_FILE = CustomPicker/Info.plist;
				LD_RUNPATH_SEARCH_PATHS = "$(inherited) @executable_path/Frameworks";
				PRODUCT_NAME = "$(TARGET_NAME)";
				TARGETED_DEVICE_FAMILY = "1,2";
			};
			name = Debug;
		};
		271D27021A3A7112001EDD8D /* Release */ = {
			isa = XCBuildConfiguration;
			buildSettings = {
				ASSETCATALOG_COMPILER_APPICON_NAME = AppIcon;
				INFOPLIST_FILE = CustomPicker/Info.plist;
				LD_RUNPATH_SEARCH_PATHS = "$(inherited) @executable_path/Frameworks";
				PRODUCT_NAME = "$(TARGET_NAME)";
				TARGETED_DEVICE_FAMILY = "1,2";
			};
			name = Release;
		};
		271D27041A3A7112001EDD8D /* Debug */ = {
			isa = XCBuildConfiguration;
			buildSettings = {
				BUNDLE_LOADER = "$(TEST_HOST)";
				FRAMEWORK_SEARCH_PATHS = (
					"$(SDKROOT)/Developer/Library/Frameworks",
					"$(inherited)",
				);
				GCC_PREPROCESSOR_DEFINITIONS = (
					"DEBUG=1",
					"$(inherited)",
				);
				INFOPLIST_FILE = CustomPickerTests/Info.plist;
				LD_RUNPATH_SEARCH_PATHS = "$(inherited) @executable_path/Frameworks @loader_path/Frameworks";
				PRODUCT_NAME = "$(TARGET_NAME)";
				TEST_HOST = "$(BUILT_PRODUCTS_DIR)/CustomPicker.app/CustomPicker";
			};
			name = Debug;
		};
		271D27051A3A7112001EDD8D /* Release */ = {
			isa = XCBuildConfiguration;
			buildSettings = {
				BUNDLE_LOADER = "$(TEST_HOST)";
				FRAMEWORK_SEARCH_PATHS = (
					"$(SDKROOT)/Developer/Library/Frameworks",
					"$(inherited)",
				);
				INFOPLIST_FILE = CustomPickerTests/Info.plist;
				LD_RUNPATH_SEARCH_PATHS = "$(inherited) @executable_path/Frameworks @loader_path/Frameworks";
				PRODUCT_NAME = "$(TARGET_NAME)";
				TEST_HOST = "$(BUILT_PRODUCTS_DIR)/CustomPicker.app/CustomPicker";
			};
			name = Release;
		};
/* End XCBuildConfiguration section */

/* Begin XCConfigurationList section */
		271D26DC1A3A7112001EDD8D /* Build configuration list for PBXProject "CustomPicker" */ = {
			isa = XCConfigurationList;
			buildConfigurations = (
				271D26FE1A3A7112001EDD8D /* Debug */,
				271D26FF1A3A7112001EDD8D /* Release */,
			);
			defaultConfigurationIsVisible = 0;
			defaultConfigurationName = Release;
		};
		271D27001A3A7112001EDD8D /* Build configuration list for PBXNativeTarget "CustomPicker" */ = {
			isa = XCConfigurationList;
			buildConfigurations = (
				271D27011A3A7112001EDD8D /* Debug */,
				271D27021A3A7112001EDD8D /* Release */,
			);
			defaultConfigurationIsVisible = 0;
			defaultConfigurationName = Release;
		};
		271D27031A3A7112001EDD8D /* Build configuration list for PBXNativeTarget "CustomPickerTests" */ = {
			isa = XCConfigurationList;
			buildConfigurations = (
				271D27041A3A7112001EDD8D /* Debug */,
				271D27051A3A7112001EDD8D /* Release */,
			);
			defaultConfigurationIsVisible = 0;
			defaultConfigurationName = Release;
		};
/* End XCConfigurationList section */
	};
	rootObject = 271D26D91A3A7112001EDD8D /* Project object */;
}
