// !$*UTF8*$!
{
	archiveVersion = 1;
	classes = {
	};
	objectVersion = 46;
	objects = {

/* Begin PBXBuildFile section */
		275225661BE109FE00076E92 /* AppDelegate.swift in Sources */ = {isa = PBXBuildFile; fileRef = 275225651BE109FE00076E92 /* AppDelegate.swift */; };
		275225681BE109FE00076E92 /* ViewController.swift in Sources */ = {isa = PBXBuildFile; fileRef = 275225671BE109FE00076E92 /* ViewController.swift */; };
		2752256B1BE109FE00076E92 /* Main.storyboard in Resources */ = {isa = PBXBuildFile; fileRef = 275225691BE109FE00076E92 /* Main.storyboard */; };
		2752256D1BE109FE00076E92 /* Assets.xcassets in Resources */ = {isa = PBXBuildFile; fileRef = 2752256C1BE109FE00076E92 /* Assets.xcassets */; };
		275225701BE109FF00076E92 /* LaunchScreen.storyboard in Resources */ = {isa = PBXBuildFile; fileRef = 2752256E1BE109FF00076E92 /* LaunchScreen.storyboard */; };
/* End PBXBuildFile section */

/* Begin PBXFileReference section */
		275225621BE109FE00076E92 /* Swapper.app */ = {isa = PBXFileReference; explicitFileType = wrapper.application; includeInIndex = 0; path = Swapper.app; sourceTree = BUILT_PRODUCTS_DIR; };
		275225651BE109FE00076E92 /* AppDelegate.swift */ = {isa = PBXFileReference; lastKnownFileType = sourcecode.swift; path = AppDelegate.swift; sourceTree = "<group>"; };
		275225671BE109FE00076E92 /* ViewController.swift */ = {isa = PBXFileReference; lastKnownFileType = sourcecode.swift; path = ViewController.swift; sourceTree = "<group>"; };
		2752256A1BE109FE00076E92 /* Base */ = {isa = PBXFileReference; lastKnownFileType = file.storyboard; name = Base; path = Base.lproj/Main.storyboard; sourceTree = "<group>"; };
		2752256C1BE109FE00076E92 /* Assets.xcassets */ = {isa = PBXFileReference; lastKnownFileType = folder.assetcatalog; path = Assets.xcassets; sourceTree = "<group>"; };
		2752256F1BE109FF00076E92 /* Base */ = {isa = PBXFileReference; lastKnownFileType = file.storyboard; name = Base; path = Base.lproj/LaunchScreen.storyboard; sourceTree = "<group>"; };
		275225711BE109FF00076E92 /* Info.plist */ = {isa = PBXFileReference; lastKnownFileType = text.plist.xml; path = Info.plist; sourceTree = "<group>"; };
/* End PBXFileReference section */

/* Begin PBXFrameworksBuildPhase section */
		2752255F1BE109FE00076E92 /* Frameworks */ = {
			isa = PBXFrameworksBuildPhase;
			buildActionMask = 2147483647;
			files = (
			);
			runOnlyForDeploymentPostprocessing = 0;
		};
/* End PBXFrameworksBuildPhase section */

/* Begin PBXGroup section */
		275225591BE109FE00076E92 = {
			isa = PBXGroup;
			children = (
				275225641BE109FE00076E92 /* Swapper */,
				275225631BE109FE00076E92 /* Products */,
			);
			sourceTree = "<group>";
		};
		275225631BE109FE00076E92 /* Products */ = {
			isa = PBXGroup;
			children = (
				275225621BE109FE00076E92 /* Swapper.app */,
			);
			name = Products;
			sourceTree = "<group>";
		};
		275225641BE109FE00076E92 /* Swapper */ = {
			isa = PBXGroup;
			children = (
				275225651BE109FE00076E92 /* AppDelegate.swift */,
				275225671BE109FE00076E92 /* ViewController.swift */,
				275225691BE109FE00076E92 /* Main.storyboard */,
				2752256C1BE109FE00076E92 /* Assets.xcassets */,
				2752256E1BE109FF00076E92 /* LaunchScreen.storyboard */,
				275225711BE109FF00076E92 /* Info.plist */,
			);
			path = Swapper;
			sourceTree = "<group>";
		};
/* End PBXGroup section */

/* Begin PBXNativeTarget section */
		275225611BE109FE00076E92 /* Swapper */ = {
			isa = PBXNativeTarget;
			buildConfigurationList = 275225741BE109FF00076E92 /* Build configuration list for PBXNativeTarget "Swapper" */;
			buildPhases = (
				2752255E1BE109FE00076E92 /* Sources */,
				2752255F1BE109FE00076E92 /* Frameworks */,
				275225601BE109FE00076E92 /* Resources */,
			);
			buildRules = (
			);
			dependencies = (
			);
			name = Swapper;
			productName = Swapper;
			productReference = 275225621BE109FE00076E92 /* Swapper.app */;
			productType = "com.apple.product-type.application";
		};
/* End PBXNativeTarget section */

/* Begin PBXProject section */
		2752255A1BE109FE00076E92 /* Project object */ = {
			isa = PBXProject;
			attributes = {
				LastSwiftUpdateCheck = 0710;
				LastUpgradeCheck = 0710;
				ORGANIZATIONNAME = "John E. Ray";
				TargetAttributes = {
					275225611BE109FE00076E92 = {
						CreatedOnToolsVersion = 7.1;
					};
				};
			};
			buildConfigurationList = 2752255D1BE109FE00076E92 /* Build configuration list for PBXProject "Swapper" */;
			compatibilityVersion = "Xcode 3.2";
			developmentRegion = English;
			hasScannedForEncodings = 0;
			knownRegions = (
				en,
				Base,
			);
			mainGroup = 275225591BE109FE00076E92;
			productRefGroup = 275225631BE109FE00076E92 /* Products */;
			projectDirPath = "";
			projectRoot = "";
			targets = (
				275225611BE109FE00076E92 /* Swapper */,
			);
		};
/* End PBXProject section */

/* Begin PBXResourcesBuildPhase section */
		275225601BE109FE00076E92 /* Resources */ = {
			isa = PBXResourcesBuildPhase;
			buildActionMask = 2147483647;
			files = (
				275225701BE109FF00076E92 /* LaunchScreen.storyboard in Resources */,
				2752256D1BE109FE00076E92 /* Assets.xcassets in Resources */,
				2752256B1BE109FE00076E92 /* Main.storyboard in Resources */,
			);
			runOnlyForDeploymentPostprocessing = 0;
		};
/* End PBXResourcesBuildPhase section */

/* Begin PBXSourcesBuildPhase section */
		2752255E1BE109FE00076E92 /* Sources */ = {
			isa = PBXSourcesBuildPhase;
			buildActionMask = 2147483647;
			files = (
				275225681BE109FE00076E92 /* ViewController.swift in Sources */,
				275225661BE109FE00076E92 /* AppDelegate.swift in Sources */,
			);
			runOnlyForDeploymentPostprocessing = 0;
		};
/* End PBXSourcesBuildPhase section */

/* Begin PBXVariantGroup section */
		275225691BE109FE00076E92 /* Main.storyboard */ = {
			isa = PBXVariantGroup;
			children = (
				2752256A1BE109FE00076E92 /* Base */,
			);
			name = Main.storyboard;
			sourceTree = "<group>";
		};
		2752256E1BE109FF00076E92 /* LaunchScreen.storyboard */ = {
			isa = PBXVariantGroup;
			children = (
				2752256F1BE109FF00076E92 /* Base */,
			);
			name = LaunchScreen.storyboard;
			sourceTree = "<group>";
		};
/* End PBXVariantGroup section */

/* Begin XCBuildConfiguration section */
		275225721BE109FF00076E92 /* Debug */ = {
			isa = XCBuildConfiguration;
			buildSettings = {
				ALWAYS_SEARCH_USER_PATHS = NO;
				CLANG_CXX_LANGUAGE_STANDARD = "gnu++0x";
				CLANG_CXX_LIBRARY = "libc++";
				CLANG_ENABLE_MODULES = YES;
				CLANG_ENABLE_OBJC_ARC = YES;
				CLANG_WARN_BOOL_CONVERSION = YES;
				CLANG_WARN_CONSTANT_CONVERSION = YES;
				CLANG_WARN_DIRECT_OBJC_ISA_USAGE = YES_ERROR;
				CLANG_WARN_EMPTY_BODY = YES;
				CLANG_WARN_ENUM_CONVERSION = YES;
				CLANG_WARN_INT_CONVERSION = YES;
				CLANG_WARN_OBJC_ROOT_CLASS = YES_ERROR;
				CLANG_WARN_UNREACHABLE_CODE = YES;
				CLANG_WARN__DUPLICATE_METHOD_MATCH = YES;
				"CODE_SIGN_IDENTITY[sdk=iphoneos*]" = "iPhone Developer";
				COPY_PHASE_STRIP = NO;
				DEBUG_INFORMATION_FORMAT = dwarf;
				ENABLE_STRICT_OBJC_MSGSEND = YES;
				ENABLE_TESTABILITY = YES;
				GCC_C_LANGUAGE_STANDARD = gnu99;
				GCC_DYNAMIC_NO_PIC = NO;
				GCC_NO_COMMON_BLOCKS = YES;
				GCC_OPTIMIZATION_LEVEL = 0;
				GCC_PREPROCESSOR_DEFINITIONS = (
					"DEBUG=1",
					"$(inherited)",
				);
				GCC_WARN_64_TO_32_BIT_CONVERSION = YES;
				GCC_WARN_ABOUT_RETURN_TYPE = YES_ERROR;
				GCC_WARN_UNDECLARED_SELECTOR = YES;
				GCC_WARN_UNINITIALIZED_AUTOS = YES_AGGRESSIVE;
				GCC_WARN_UNUSED_FUNCTION = YES;
				GCC_WARN_UNUSED_VARIABLE = YES;
				IPHONEOS_DEPLOYMENT_TARGET = 9.1;
				MTL_ENABLE_DEBUG_INFO = YES;
				ONLY_ACTIVE_ARCH = YES;
				SDKROOT = iphoneos;
				SWIFT_OPTIMIZATION_LEVEL = "-Onone";
				TARGETED_DEVICE_FAMILY = "1,2";
			};
			name = Debug;
		};
		275225731BE109FF00076E92 /* Release */ = {
			isa = XCBuildConfiguration;
			buildSettings = {
				ALWAYS_SEARCH_USER_PATHS = NO;
				CLANG_CXX_LANGUAGE_STANDARD = "gnu++0x";
				CLANG_CXX_LIBRARY = "libc++";
				CLANG_ENABLE_MODULES = YES;
				CLANG_ENABLE_OBJC_ARC = YES;
				CLANG_WARN_BOOL_CONVERSION = YES;
				CLANG_WARN_CONSTANT_CONVERSION = YES;
				CLANG_WARN_DIRECT_OBJC_ISA_USAGE = YES_ERROR;
				CLANG_WARN_EMPTY_BODY = YES;
				CLANG_WARN_ENUM_CONVERSION = YES;
				CLANG_WARN_INT_CONVERSION = YES;
				CLANG_WARN_OBJC_ROOT_CLASS = YES_ERROR;
				CLANG_WARN_UNREACHABLE_CODE = YES;
				CLANG_WARN__DUPLICATE_METHOD_MATCH = YES;
				"CODE_SIGN_IDENTITY[sdk=iphoneos*]" = "iPhone Developer";
				COPY_PHASE_STRIP = NO;
				DEBUG_INFORMATION_FORMAT = "dwarf-with-dsym";
				ENABLE_NS_ASSERTIONS = NO;
				ENABLE_STRICT_OBJC_MSGSEND = YES;
				GCC_C_LANGUAGE_STANDARD = gnu99;
				GCC_NO_COMMON_BLOCKS = YES;
				GCC_WARN_64_TO_32_BIT_CONVERSION = YES;
				GCC_WARN_ABOUT_RETURN_TYPE = YES_ERROR;
				GCC_WARN_UNDECLARED_SELECTOR = YES;
				GCC_WARN_UNINITIALIZED_AUTOS = YES_AGGRESSIVE;
				GCC_WARN_UNUSED_FUNCTION = YES;
				GCC_WARN_UNUSED_VARIABLE = YES;
				IPHONEOS_DEPLOYMENT_TARGET = 9.1;
				MTL_ENABLE_DEBUG_INFO = NO;
				SDKROOT = iphoneos;
				TARGETED_DEVICE_FAMILY = "1,2";
				VALIDATE_PRODUCT = YES;
			};
			name = Release;
		};
		275225751BE109FF00076E92 /* Debug */ = {
			isa = XCBuildConfiguration;
			buildSettings = {
				ASSETCATALOG_COMPILER_APPICON_NAME = AppIcon;
				INFOPLIST_FILE = Swapper/Info.plist;
				LD_RUNPATH_SEARCH_PATHS = "$(inherited) @executable_path/Frameworks";
				PRODUCT_BUNDLE_IDENTIFIER = com.teachyourselfios.Swapper;
				PRODUCT_NAME = "$(TARGET_NAME)";
			};
			name = Debug;
		};
		275225761BE109FF00076E92 /* Release */ = {
			isa = XCBuildConfiguration;
			buildSettings = {
				ASSETCATALOG_COMPILER_APPICON_NAME = AppIcon;
				INFOPLIST_FILE = Swapper/Info.plist;
				LD_RUNPATH_SEARCH_PATHS = "$(inherited) @executable_path/Frameworks";
				PRODUCT_BUNDLE_IDENTIFIER = com.teachyourselfios.Swapper;
				PRODUCT_NAME = "$(TARGET_NAME)";
			};
			name = Release;
		};
/* End XCBuildConfiguration section */

/* Begin XCConfigurationList section */
		2752255D1BE109FE00076E92 /* Build configuration list for PBXProject "Swapper" */ = {
			isa = XCConfigurationList;
			buildConfigurations = (
				275225721BE109FF00076E92 /* Debug */,
				275225731BE109FF00076E92 /* Release */,
			);
			defaultConfigurationIsVisible = 0;
			defaultConfigurationName = Release;
		};
		275225741BE109FF00076E92 /* Build configuration list for PBXNativeTarget "Swapper" */ = {
			isa = XCConfigurationList;
			buildConfigurations = (
				275225751BE109FF00076E92 /* Debug */,
				275225761BE109FF00076E92 /* Release */,
			);
			defaultConfigurationIsVisible = 0;
		};
/* End XCConfigurationList section */
	};
	rootObject = 2752255A1BE109FE00076E92 /* Project object */;
}
