// !$*UTF8*$!
{
	archiveVersion = 1;
	classes = {
	};
	objectVersion = 46;
	objects = {

/* Begin PBXBuildFile section */
		276384CD19A24ED500C3F5BF /* AppDelegate.swift in Sources */ = {isa = PBXBuildFile; fileRef = 276384CC19A24ED500C3F5BF /* AppDelegate.swift */; };
		276384CF19A24ED500C3F5BF /* ViewController.swift in Sources */ = {isa = PBXBuildFile; fileRef = 276384CE19A24ED500C3F5BF /* ViewController.swift */; };
		276384D219A24ED500C3F5BF /* Main.storyboard in Resources */ = {isa = PBXBuildFile; fileRef = 276384D019A24ED500C3F5BF /* Main.storyboard */; };
		276384D419A24ED500C3F5BF /* Images.xcassets in Resources */ = {isa = PBXBuildFile; fileRef = 276384D319A24ED500C3F5BF /* Images.xcassets */; };
		276384E019A24ED500C3F5BF /* ScrollerTests.swift in Sources */ = {isa = PBXBuildFile; fileRef = 276384DF19A24ED500C3F5BF /* ScrollerTests.swift */; };
		2764FE4119CBC06800B6407A /* LaunchScreen.xib in Resources */ = {isa = PBXBuildFile; fileRef = 2764FE4019CBC06800B6407A /* LaunchScreen.xib */; };
/* End PBXBuildFile section */

/* Begin PBXContainerItemProxy section */
		276384DA19A24ED500C3F5BF /* PBXContainerItemProxy */ = {
			isa = PBXContainerItemProxy;
			containerPortal = 276384BF19A24ED500C3F5BF /* Project object */;
			proxyType = 1;
			remoteGlobalIDString = 276384C619A24ED500C3F5BF;
			remoteInfo = Scroller;
		};
/* End PBXContainerItemProxy section */

/* Begin PBXFileReference section */
		276384C719A24ED500C3F5BF /* Scroller.app */ = {isa = PBXFileReference; explicitFileType = wrapper.application; includeInIndex = 0; path = Scroller.app; sourceTree = BUILT_PRODUCTS_DIR; };
		276384CB19A24ED500C3F5BF /* Info.plist */ = {isa = PBXFileReference; lastKnownFileType = text.plist.xml; path = Info.plist; sourceTree = "<group>"; };
		276384CC19A24ED500C3F5BF /* AppDelegate.swift */ = {isa = PBXFileReference; lastKnownFileType = sourcecode.swift; path = AppDelegate.swift; sourceTree = "<group>"; };
		276384CE19A24ED500C3F5BF /* ViewController.swift */ = {isa = PBXFileReference; lastKnownFileType = sourcecode.swift; path = ViewController.swift; sourceTree = "<group>"; };
		276384D119A24ED500C3F5BF /* Base */ = {isa = PBXFileReference; lastKnownFileType = file.storyboard; name = Base; path = Base.lproj/Main.storyboard; sourceTree = "<group>"; };
		276384D319A24ED500C3F5BF /* Images.xcassets */ = {isa = PBXFileReference; lastKnownFileType = folder.assetcatalog; path = Images.xcassets; sourceTree = "<group>"; };
		276384D919A24ED500C3F5BF /* ScrollerTests.xctest */ = {isa = PBXFileReference; explicitFileType = wrapper.cfbundle; includeInIndex = 0; path = ScrollerTests.xctest; sourceTree = BUILT_PRODUCTS_DIR; };
		276384DE19A24ED500C3F5BF /* Info.plist */ = {isa = PBXFileReference; lastKnownFileType = text.plist.xml; path = Info.plist; sourceTree = "<group>"; };
		276384DF19A24ED500C3F5BF /* ScrollerTests.swift */ = {isa = PBXFileReference; lastKnownFileType = sourcecode.swift; path = ScrollerTests.swift; sourceTree = "<group>"; };
		2764FE4019CBC06800B6407A /* LaunchScreen.xib */ = {isa = PBXFileReference; fileEncoding = 4; lastKnownFileType = file.xib; path = LaunchScreen.xib; sourceTree = "<group>"; };
/* End PBXFileReference section */

/* Begin PBXFrameworksBuildPhase section */
		276384C419A24ED500C3F5BF /* Frameworks */ = {
			isa = PBXFrameworksBuildPhase;
			buildActionMask = 2147483647;
			files = (
			);
			runOnlyForDeploymentPostprocessing = 0;
		};
		276384D619A24ED500C3F5BF /* Frameworks */ = {
			isa = PBXFrameworksBuildPhase;
			buildActionMask = 2147483647;
			files = (
			);
			runOnlyForDeploymentPostprocessing = 0;
		};
/* End PBXFrameworksBuildPhase section */

/* Begin PBXGroup section */
		276384BE19A24ED500C3F5BF = {
			isa = PBXGroup;
			children = (
				276384C919A24ED500C3F5BF /* Scroller */,
				276384DC19A24ED500C3F5BF /* ScrollerTests */,
				276384C819A24ED500C3F5BF /* Products */,
			);
			sourceTree = "<group>";
		};
		276384C819A24ED500C3F5BF /* Products */ = {
			isa = PBXGroup;
			children = (
				276384C719A24ED500C3F5BF /* Scroller.app */,
				276384D919A24ED500C3F5BF /* ScrollerTests.xctest */,
			);
			name = Products;
			sourceTree = "<group>";
		};
		276384C919A24ED500C3F5BF /* Scroller */ = {
			isa = PBXGroup;
			children = (
				276384CC19A24ED500C3F5BF /* AppDelegate.swift */,
				276384CE19A24ED500C3F5BF /* ViewController.swift */,
				276384D019A24ED500C3F5BF /* Main.storyboard */,
				276384D319A24ED500C3F5BF /* Images.xcassets */,
				2764FE4019CBC06800B6407A /* LaunchScreen.xib */,
				276384CA19A24ED500C3F5BF /* Supporting Files */,
			);
			path = Scroller;
			sourceTree = "<group>";
		};
		276384CA19A24ED500C3F5BF /* Supporting Files */ = {
			isa = PBXGroup;
			children = (
				276384CB19A24ED500C3F5BF /* Info.plist */,
			);
			name = "Supporting Files";
			sourceTree = "<group>";
		};
		276384DC19A24ED500C3F5BF /* ScrollerTests */ = {
			isa = PBXGroup;
			children = (
				276384DF19A24ED500C3F5BF /* ScrollerTests.swift */,
				276384DD19A24ED500C3F5BF /* Supporting Files */,
			);
			path = ScrollerTests;
			sourceTree = "<group>";
		};
		276384DD19A24ED500C3F5BF /* Supporting Files */ = {
			isa = PBXGroup;
			children = (
				276384DE19A24ED500C3F5BF /* Info.plist */,
			);
			name = "Supporting Files";
			sourceTree = "<group>";
		};
/* End PBXGroup section */

/* Begin PBXNativeTarget section */
		276384C619A24ED500C3F5BF /* Scroller */ = {
			isa = PBXNativeTarget;
			buildConfigurationList = 276384E319A24ED500C3F5BF /* Build configuration list for PBXNativeTarget "Scroller" */;
			buildPhases = (
				276384C319A24ED500C3F5BF /* Sources */,
				276384C419A24ED500C3F5BF /* Frameworks */,
				276384C519A24ED500C3F5BF /* Resources */,
			);
			buildRules = (
			);
			dependencies = (
			);
			name = Scroller;
			productName = Scroller;
			productReference = 276384C719A24ED500C3F5BF /* Scroller.app */;
			productType = "com.apple.product-type.application";
		};
		276384D819A24ED500C3F5BF /* ScrollerTests */ = {
			isa = PBXNativeTarget;
			buildConfigurationList = 276384E619A24ED500C3F5BF /* Build configuration list for PBXNativeTarget "ScrollerTests" */;
			buildPhases = (
				276384D519A24ED500C3F5BF /* Sources */,
				276384D619A24ED500C3F5BF /* Frameworks */,
				276384D719A24ED500C3F5BF /* Resources */,
			);
			buildRules = (
			);
			dependencies = (
				276384DB19A24ED500C3F5BF /* PBXTargetDependency */,
			);
			name = ScrollerTests;
			productName = ScrollerTests;
			productReference = 276384D919A24ED500C3F5BF /* ScrollerTests.xctest */;
			productType = "com.apple.product-type.bundle.unit-test";
		};
/* End PBXNativeTarget section */

/* Begin PBXProject section */
		276384BF19A24ED500C3F5BF /* Project object */ = {
			isa = PBXProject;
			attributes = {
				LastUpgradeCheck = 0600;
				ORGANIZATIONNAME = "John Ray";
				TargetAttributes = {
					276384C619A24ED500C3F5BF = {
						CreatedOnToolsVersion = 6.0;
					};
					276384D819A24ED500C3F5BF = {
						CreatedOnToolsVersion = 6.0;
						TestTargetID = 276384C619A24ED500C3F5BF;
					};
				};
			};
			buildConfigurationList = 276384C219A24ED500C3F5BF /* Build configuration list for PBXProject "Scroller" */;
			compatibilityVersion = "Xcode 3.2";
			developmentRegion = English;
			hasScannedForEncodings = 0;
			knownRegions = (
				en,
				Base,
			);
			mainGroup = 276384BE19A24ED500C3F5BF;
			productRefGroup = 276384C819A24ED500C3F5BF /* Products */;
			projectDirPath = "";
			projectRoot = "";
			targets = (
				276384C619A24ED500C3F5BF /* Scroller */,
				276384D819A24ED500C3F5BF /* ScrollerTests */,
			);
		};
/* End PBXProject section */

/* Begin PBXResourcesBuildPhase section */
		276384C519A24ED500C3F5BF /* Resources */ = {
			isa = PBXResourcesBuildPhase;
			buildActionMask = 2147483647;
			files = (
				276384D219A24ED500C3F5BF /* Main.storyboard in Resources */,
				2764FE4119CBC06800B6407A /* LaunchScreen.xib in Resources */,
				276384D419A24ED500C3F5BF /* Images.xcassets in Resources */,
			);
			runOnlyForDeploymentPostprocessing = 0;
		};
		276384D719A24ED500C3F5BF /* Resources */ = {
			isa = PBXResourcesBuildPhase;
			buildActionMask = 2147483647;
			files = (
			);
			runOnlyForDeploymentPostprocessing = 0;
		};
/* End PBXResourcesBuildPhase section */

/* Begin PBXSourcesBuildPhase section */
		276384C319A24ED500C3F5BF /* Sources */ = {
			isa = PBXSourcesBuildPhase;
			buildActionMask = 2147483647;
			files = (
				276384CF19A24ED500C3F5BF /* ViewController.swift in Sources */,
				276384CD19A24ED500C3F5BF /* AppDelegate.swift in Sources */,
			);
			runOnlyForDeploymentPostprocessing = 0;
		};
		276384D519A24ED500C3F5BF /* Sources */ = {
			isa = PBXSourcesBuildPhase;
			buildActionMask = 2147483647;
			files = (
				276384E019A24ED500C3F5BF /* ScrollerTests.swift in Sources */,
			);
			runOnlyForDeploymentPostprocessing = 0;
		};
/* End PBXSourcesBuildPhase section */

/* Begin PBXTargetDependency section */
		276384DB19A24ED500C3F5BF /* PBXTargetDependency */ = {
			isa = PBXTargetDependency;
			target = 276384C619A24ED500C3F5BF /* Scroller */;
			targetProxy = 276384DA19A24ED500C3F5BF /* PBXContainerItemProxy */;
		};
/* End PBXTargetDependency section */

/* Begin PBXVariantGroup section */
		276384D019A24ED500C3F5BF /* Main.storyboard */ = {
			isa = PBXVariantGroup;
			children = (
				276384D119A24ED500C3F5BF /* Base */,
			);
			name = Main.storyboard;
			sourceTree = "<group>";
		};
/* End PBXVariantGroup section */

/* Begin XCBuildConfiguration section */
		276384E119A24ED500C3F5BF /* Debug */ = {
			isa = XCBuildConfiguration;
			buildSettings = {
				ALWAYS_SEARCH_USER_PATHS = NO;
				CLANG_CXX_LANGUAGE_STANDARD = "gnu++0x";
				CLANG_CXX_LIBRARY = "libc++";
				CLANG_ENABLE_MODULES = YES;
				CLANG_ENABLE_OBJC_ARC = YES;
				CLANG_WARN_BOOL_CONVERSION = YES;
				CLANG_WARN_CONSTANT_CONVERSION = YES;
				CLANG_WARN_DIRECT_OBJC_ISA_USAGE = YES_ERROR;
				CLANG_WARN_EMPTY_BODY = YES;
				CLANG_WARN_ENUM_CONVERSION = YES;
				CLANG_WARN_INT_CONVERSION = YES;
				CLANG_WARN_OBJC_ROOT_CLASS = YES_ERROR;
				CLANG_WARN_UNREACHABLE_CODE = YES;
				CLANG_WARN__DUPLICATE_METHOD_MATCH = YES;
				"CODE_SIGN_IDENTITY[sdk=iphoneos*]" = "iPhone Developer";
				COPY_PHASE_STRIP = NO;
				ENABLE_STRICT_OBJC_MSGSEND = YES;
				GCC_C_LANGUAGE_STANDARD = gnu99;
				GCC_DYNAMIC_NO_PIC = NO;
				GCC_OPTIMIZATION_LEVEL = 0;
				GCC_PREPROCESSOR_DEFINITIONS = (
					"DEBUG=1",
					"$(inherited)",
				);
				GCC_SYMBOLS_PRIVATE_EXTERN = NO;
				GCC_WARN_64_TO_32_BIT_CONVERSION = YES;
				GCC_WARN_ABOUT_RETURN_TYPE = YES_ERROR;
				GCC_WARN_UNDECLARED_SELECTOR = YES;
				GCC_WARN_UNINITIALIZED_AUTOS = YES_AGGRESSIVE;
				GCC_WARN_UNUSED_FUNCTION = YES;
				GCC_WARN_UNUSED_VARIABLE = YES;
				IPHONEOS_DEPLOYMENT_TARGET = 8.0;
				MTL_ENABLE_DEBUG_INFO = YES;
				ONLY_ACTIVE_ARCH = YES;
				SDKROOT = iphoneos;
				SWIFT_OPTIMIZATION_LEVEL = "-Onone";
			};
			name = Debug;
		};
		276384E219A24ED500C3F5BF /* Release */ = {
			isa = XCBuildConfiguration;
			buildSettings = {
				ALWAYS_SEARCH_USER_PATHS = NO;
				CLANG_CXX_LANGUAGE_STANDARD = "gnu++0x";
				CLANG_CXX_LIBRARY = "libc++";
				CLANG_ENABLE_MODULES = YES;
				CLANG_ENABLE_OBJC_ARC = YES;
				CLANG_WARN_BOOL_CONVERSION = YES;
				CLANG_WARN_CONSTANT_CONVERSION = YES;
				CLANG_WARN_DIRECT_OBJC_ISA_USAGE = YES_ERROR;
				CLANG_WARN_EMPTY_BODY = YES;
				CLANG_WARN_ENUM_CONVERSION = YES;
				CLANG_WARN_INT_CONVERSION = YES;
				CLANG_WARN_OBJC_ROOT_CLASS = YES_ERROR;
				CLANG_WARN_UNREACHABLE_CODE = YES;
				CLANG_WARN__DUPLICATE_METHOD_MATCH = YES;
				"CODE_SIGN_IDENTITY[sdk=iphoneos*]" = "iPhone Developer";
				COPY_PHASE_STRIP = YES;
				ENABLE_NS_ASSERTIONS = NO;
				ENABLE_STRICT_OBJC_MSGSEND = YES;
				GCC_C_LANGUAGE_STANDARD = gnu99;
				GCC_WARN_64_TO_32_BIT_CONVERSION = YES;
				GCC_WARN_ABOUT_RETURN_TYPE = YES_ERROR;
				GCC_WARN_UNDECLARED_SELECTOR = YES;
				GCC_WARN_UNINITIALIZED_AUTOS = YES_AGGRESSIVE;
				GCC_WARN_UNUSED_FUNCTION = YES;
				GCC_WARN_UNUSED_VARIABLE = YES;
				IPHONEOS_DEPLOYMENT_TARGET = 8.0;
				MTL_ENABLE_DEBUG_INFO = NO;
				SDKROOT = iphoneos;
				VALIDATE_PRODUCT = YES;
			};
			name = Release;
		};
		276384E419A24ED500C3F5BF /* Debug */ = {
			isa = XCBuildConfiguration;
			buildSettings = {
				ASSETCATALOG_COMPILER_APPICON_NAME = AppIcon;
				ASSETCATALOG_COMPILER_LAUNCHIMAGE_NAME = LaunchImage;
				INFOPLIST_FILE = Scroller/Info.plist;
				LD_RUNPATH_SEARCH_PATHS = "$(inherited) @executable_path/Frameworks";
				PRODUCT_NAME = "$(TARGET_NAME)";
			};
			name = Debug;
		};
		276384E519A24ED500C3F5BF /* Release */ = {
			isa = XCBuildConfiguration;
			buildSettings = {
				ASSETCATALOG_COMPILER_APPICON_NAME = AppIcon;
				ASSETCATALOG_COMPILER_LAUNCHIMAGE_NAME = LaunchImage;
				INFOPLIST_FILE = Scroller/Info.plist;
				LD_RUNPATH_SEARCH_PATHS = "$(inherited) @executable_path/Frameworks";
				PRODUCT_NAME = "$(TARGET_NAME)";
			};
			name = Release;
		};
		276384E719A24ED500C3F5BF /* Debug */ = {
			isa = XCBuildConfiguration;
			buildSettings = {
				BUNDLE_LOADER = "$(TEST_HOST)";
				FRAMEWORK_SEARCH_PATHS = (
					"$(SDKROOT)/Developer/Library/Frameworks",
					"$(inherited)",
				);
				GCC_PREPROCESSOR_DEFINITIONS = (
					"DEBUG=1",
					"$(inherited)",
				);
				INFOPLIST_FILE = ScrollerTests/Info.plist;
				LD_RUNPATH_SEARCH_PATHS = "$(inherited) @executable_path/Frameworks @loader_path/Frameworks";
				PRODUCT_NAME = "$(TARGET_NAME)";
				TEST_HOST = "$(BUILT_PRODUCTS_DIR)/Scroller.app/Scroller";
			};
			name = Debug;
		};
		276384E819A24ED500C3F5BF /* Release */ = {
			isa = XCBuildConfiguration;
			buildSettings = {
				BUNDLE_LOADER = "$(TEST_HOST)";
				FRAMEWORK_SEARCH_PATHS = (
					"$(SDKROOT)/Developer/Library/Frameworks",
					"$(inherited)",
				);
				INFOPLIST_FILE = ScrollerTests/Info.plist;
				LD_RUNPATH_SEARCH_PATHS = "$(inherited) @executable_path/Frameworks @loader_path/Frameworks";
				PRODUCT_NAME = "$(TARGET_NAME)";
				TEST_HOST = "$(BUILT_PRODUCTS_DIR)/Scroller.app/Scroller";
			};
			name = Release;
		};
/* End XCBuildConfiguration section */

/* Begin XCConfigurationList section */
		276384C219A24ED500C3F5BF /* Build configuration list for PBXProject "Scroller" */ = {
			isa = XCConfigurationList;
			buildConfigurations = (
				276384E119A24ED500C3F5BF /* Debug */,
				276384E219A24ED500C3F5BF /* Release */,
			);
			defaultConfigurationIsVisible = 0;
			defaultConfigurationName = Release;
		};
		276384E319A24ED500C3F5BF /* Build configuration list for PBXNativeTarget "Scroller" */ = {
			isa = XCConfigurationList;
			buildConfigurations = (
				276384E419A24ED500C3F5BF /* Debug */,
				276384E519A24ED500C3F5BF /* Release */,
			);
			defaultConfigurationIsVisible = 0;
			defaultConfigurationName = Release;
		};
		276384E619A24ED500C3F5BF /* Build configuration list for PBXNativeTarget "ScrollerTests" */ = {
			isa = XCConfigurationList;
			buildConfigurations = (
				276384E719A24ED500C3F5BF /* Debug */,
				276384E819A24ED500C3F5BF /* Release */,
			);
			defaultConfigurationIsVisible = 0;
			defaultConfigurationName = Release;
		};
/* End XCConfigurationList section */
	};
	rootObject = 276384BF19A24ED500C3F5BF /* Project object */;
}
